// !$*UTF8*$!
{
	archiveVersion = 1;
	classes = {
	};
	objectVersion = 46;
	objects = {

/* Begin PBXBuildFile section */
		D30E528A1CAD2AE900975328 /* main.m in Sources */ = {isa = PBXBuildFile; fileRef = D30E52891CAD2AE900975328 /* main.m */; };
		D30E528D1CAD2AE900975328 /* AppDelegate.m in Sources */ = {isa = PBXBuildFile; fileRef = D30E528C1CAD2AE900975328 /* AppDelegate.m */; };
		D30E52901CAD2AE900975328 /* ViewController.m in Sources */ = {isa = PBXBuildFile; fileRef = D30E528F1CAD2AE900975328 /* ViewController.m */; };
		D30E52931CAD2AE900975328 /* Main.storyboard in Resources */ = {isa = PBXBuildFile; fileRef = D30E52911CAD2AE900975328 /* Main.storyboard */; };
		D30E52951CAD2AE900975328 /* Assets.xcassets in Resources */ = {isa = PBXBuildFile; fileRef = D30E52941CAD2AE900975328 /* Assets.xcassets */; };
		D30E52981CAD2AE900975328 /* LaunchScreen.storyboard in Resources */ = {isa = PBXBuildFile; fileRef = D30E52961CAD2AE900975328 /* LaunchScreen.storyboard */; };
/* End PBXBuildFile section */

/* Begin PBXFileReference section */
		D30E52851CAD2AE900975328 /* ActionsPropertyAnimateDemo.app */ = {isa = PBXFileReference; explicitFileType = wrapper.application; includeInIndex = 0; path = ActionsPropertyAnimateDemo.app; sourceTree = BUILT_PRODUCTS_DIR; };
		D30E52891CAD2AE900975328 /* main.m */ = {isa = PBXFileReference; lastKnownFileType = sourcecode.c.objc; path = main.m; sourceTree = "<group>"; };
		D30E528B1CAD2AE900975328 /* AppDelegate.h */ = {isa = PBXFileReference; lastKnownFileType = sourcecode.c.h; path = AppDelegate.h; sourceTree = "<group>"; };
		D30E528C1CAD2AE900975328 /* AppDelegate.m */ = {isa = PBXFileReference; lastKnownFileType = sourcecode.c.objc; path = AppDelegate.m; sourceTree = "<group>"; };
		D30E528E1CAD2AE900975328 /* ViewController.h */ = {isa = PBXFileReference; lastKnownFileType = sourcecode.c.h; path = ViewController.h; sourceTree = "<group>"; };
		D30E528F1CAD2AE900975328 /* ViewController.m */ = {isa = PBXFileReference; lastKnownFileType = sourcecode.c.objc; path = ViewController.m; sourceTree = "<group>"; };
		D30E52921CAD2AE900975328 /* Base */ = {isa = PBXFileReference; lastKnownFileType = file.storyboard; name = Base; path = Base.lproj/Main.storyboard; sourceTree = "<group>"; };
		D30E52941CAD2AE900975328 /* Assets.xcassets */ = {isa = PBXFileReference; lastKnownFileType = folder.assetcatalog; path = Assets.xcassets; sourceTree = "<group>"; };
		D30E52971CAD2AE900975328 /* Base */ = {isa = PBXFileReference; lastKnownFileType = file.storyboard; name = Base; path = Base.lproj/LaunchScreen.storyboard; sourceTree = "<group>"; };
		D30E52991CAD2AE900975328 /* Info.plist */ = {isa = PBXFileReference; lastKnownFileType = text.plist.xml; path = Info.plist; sourceTree = "<group>"; };
/* End PBXFileReference section */

/* Begin PBXFrameworksBuildPhase section */
		D30E52821CAD2AE900975328 /* Frameworks */ = {
			isa = PBXFrameworksBuildPhase;
			buildActionMask = 2147483647;
			files = (
			);
			runOnlyForDeploymentPostprocessing = 0;
		};
/* End PBXFrameworksBuildPhase section */

/* Begin PBXGroup section */
		D30E527C1CAD2AE900975328 = {
			isa = PBXGroup;
			children = (
				D30E52871CAD2AE900975328 /* ActionsPropertyAnimateDemo */,
				D30E52861CAD2AE900975328 /* Products */,
			);
			sourceTree = "<group>";
		};
		D30E52861CAD2AE900975328 /* Products */ = {
			isa = PBXGroup;
			children = (
				D30E52851CAD2AE900975328 /* ActionsPropertyAnimateDemo.app */,
			);
			name = Products;
			sourceTree = "<group>";
		};
		D30E52871CAD2AE900975328 /* ActionsPropertyAnimateDemo */ = {
			isa = PBXGroup;
			children = (
				D30E528B1CAD2AE900975328 /* AppDelegate.h */,
				D30E528C1CAD2AE900975328 /* AppDelegate.m */,
				D30E528E1CAD2AE900975328 /* ViewController.h */,
				D30E528F1CAD2AE900975328 /* ViewController.m */,
				D30E52911CAD2AE900975328 /* Main.storyboard */,
				D30E52941CAD2AE900975328 /* Assets.xcassets */,
				D30E52961CAD2AE900975328 /* LaunchScreen.storyboard */,
				D30E52991CAD2AE900975328 /* Info.plist */,
				D30E52881CAD2AE900975328 /* Supporting Files */,
			);
			path = ActionsPropertyAnimateDemo;
			sourceTree = "<group>";
		};
		D30E52881CAD2AE900975328 /* Supporting Files */ = {
			isa = PBXGroup;
			children = (
				D30E52891CAD2AE900975328 /* main.m */,
			);
			name = "Supporting Files";
			sourceTree = "<group>";
		};
/* End PBXGroup section */

/* Begin PBXNativeTarget section */
		D30E52841CAD2AE900975328 /* ActionsPropertyAnimateDemo */ = {
			isa = PBXNativeTarget;
			buildConfigurationList = D30E529C1CAD2AE900975328 /* Build configuration list for PBXNativeTarget "ActionsPropertyAnimateDemo" */;
			buildPhases = (
				D30E52811CAD2AE900975328 /* Sources */,
				D30E52821CAD2AE900975328 /* Frameworks */,
				D30E52831CAD2AE900975328 /* Resources */,
			);
			buildRules = (
			);
			dependencies = (
			);
			name = ActionsPropertyAnimateDemo;
			productName = ActionsPropertyAnimateDemo;
			productReference = D30E52851CAD2AE900975328 /* ActionsPropertyAnimateDemo.app */;
			productType = "com.apple.product-type.application";
		};
/* End PBXNativeTarget section */

/* Begin PBXProject section */
		D30E527D1CAD2AE900975328 /* Project object */ = {
			isa = PBXProject;
			attributes = {
				LastUpgradeCheck = 0720;
				ORGANIZATIONNAME = xidanjueying;
				TargetAttributes = {
					D30E52841CAD2AE900975328 = {
						CreatedOnToolsVersion = 7.2.1;
					};
				};
			};
			buildConfigurationList = D30E52801CAD2AE900975328 /* Build configuration list for PBXProject "ActionsPropertyAnimateDemo" */;
			compatibilityVersion = "Xcode 3.2";
			developmentRegion = English;
			hasScannedForEncodings = 0;
			knownRegions = (
				en,
				Base,
			);
			mainGroup = D30E527C1CAD2AE900975328;
			productRefGroup = D30E52861CAD2AE900975328 /* Products */;
			projectDirPath = "";
			projectRoot = "";
			targets = (
				D30E52841CAD2AE900975328 /* ActionsPropertyAnimateDemo */,
			);
		};
/* End PBXProject section */

/* Begin PBXResourcesBuildPhase section */
		D30E52831CAD2AE900975328 /* Resources */ = {
			isa = PBXResourcesBuildPhase;
			buildActionMask = 2147483647;
			files = (
				D30E52981CAD2AE900975328 /* LaunchScreen.storyboard in Resources */,
				D30E52951CAD2AE900975328 /* Assets.xcassets in Resources */,
				D30E52931CAD2AE900975328 /* Main.storyboard in Resources */,
			);
			runOnlyForDeploymentPostprocessing = 0;
		};
/* End PBXResourcesBuildPhase section */

/* Begin PBXSourcesBuildPhase section */
		D30E52811CAD2AE900975328 /* Sources */ = {
			isa = PBXSourcesBuildPhase;
			buildActionMask = 2147483647;
			files = (
				D30E52901CAD2AE900975328 /* ViewController.m in Sources */,
				D30E528D1CAD2AE900975328 /* AppDelegate.m in Sources */,
				D30E528A1CAD2AE900975328 /* main.m in Sources */,
			);
			runOnlyForDeploymentPostprocessing = 0;
		};
/* End PBXSourcesBuildPhase section */

/* Begin PBXVariantGroup section */
		D30E52911CAD2AE900975328 /* Main.storyboard */ = {
			isa = PBXVariantGroup;
			children = (
				D30E52921CAD2AE900975328 /* Base */,
			);
			name = Main.storyboard;
			sourceTree = "<group>";
		};
		D30E52961CAD2AE900975328 /* LaunchScreen.storyboard */ = {
			isa = PBXVariantGroup;
			children = (
				D30E52971CAD2AE900975328 /* Base */,
			);
			name = LaunchScreen.storyboard;
			sourceTree = "<group>";
		};
/* End PBXVariantGroup section */

/* Begin XCBuildConfiguration section */
		D30E529A1CAD2AE900975328 /* Debug */ = {
			isa = XCBuildConfiguration;
			buildSettings = {
				ALWAYS_SEARCH_USER_PATHS = NO;
				CLANG_CXX_LANGUAGE_STANDARD = "gnu++0x";
				CLANG_CXX_LIBRARY = "libc++";
				CLANG_ENABLE_MODULES = YES;
				CLANG_ENABLE_OBJC_ARC = YES;
				CLANG_WARN_BOOL_CONVERSION = YES;
				CLANG_WARN_CONSTANT_CONVERSION = YES;
				CLANG_WARN_DIRECT_OBJC_ISA_USAGE = YES_ERROR;
				CLANG_WARN_EMPTY_BODY = YES;
				CLANG_WARN_ENUM_CONVERSION = YES;
				CLANG_WARN_INT_CONVERSION = YES;
				CLANG_WARN_OBJC_ROOT_CLASS = YES_ERROR;
				CLANG_WARN_UNREACHABLE_CODE = YES;
				CLANG_WARN__DUPLICATE_METHOD_MATCH = YES;
				"CODE_SIGN_IDENTITY[sdk=iphoneos*]" = "iPhone Developer";
				COPY_PHASE_STRIP = NO;
				DEBUG_INFORMATION_FORMAT = dwarf;
				ENABLE_STRICT_OBJC_MSGSEND = YES;
				ENABLE_TESTABILITY = YES;
				GCC_C_LANGUAGE_STANDARD = gnu99;
				GCC_DYNAMIC_NO_PIC = NO;
				GCC_NO_COMMON_BLOCKS = YES;
				GCC_OPTIMIZATION_LEVEL = 0;
				GCC_PREPROCESSOR_DEFINITIONS = (
					"DEBUG=1",
					"$(inherited)",
				);
				GCC_WARN_64_TO_32_BIT_CONVERSION = YES;
				GCC_WARN_ABOUT_RETURN_TYPE = YES_ERROR;
				GCC_WARN_UNDECLARED_SELECTOR = YES;
				GCC_WARN_UNINITIALIZED_AUTOS = YES_AGGRESSIVE;
				GCC_WARN_UNUSED_FUNCTION = YES;
				GCC_WARN_UNUSED_VARIABLE = YES;
				IPHONEOS_DEPLOYMENT_TARGET = 9.2;
				MTL_ENABLE_DEBUG_INFO = YES;
				ONLY_ACTIVE_ARCH = YES;
				SDKROOT = iphoneos;
			};
			name = Debug;
		};
		D30E529B1CAD2AE900975328 /* Release */ = {
			isa = XCBuildConfiguration;
			buildSettings = {
				ALWAYS_SEARCH_USER_PATHS = NO;
				CLANG_CXX_LANGUAGE_STANDARD = "gnu++0x";
				CLANG_CXX_LIBRARY = "libc++";
				CLANG_ENABLE_MODULES = YES;
				CLANG_ENABLE_OBJC_ARC = YES;
				CLANG_WARN_BOOL_CONVERSION = YES;
				CLANG_WARN_CONSTANT_CONVERSION = YES;
				CLANG_WARN_DIRECT_OBJC_ISA_USAGE = YES_ERROR;
				CLANG_WARN_EMPTY_BODY = YES;
				CLANG_WARN_ENUM_CONVERSION = YES;
				CLANG_WARN_INT_CONVERSION = YES;
				CLANG_WARN_OBJC_ROOT_CLASS = YES_ERROR;
				CLANG_WARN_UNREACHABLE_CODE = YES;
				CLANG_WARN__DUPLICATE_METHOD_MATCH = YES;
				"CODE_SIGN_IDENTITY[sdk=iphoneos*]" = "iPhone Developer";
				COPY_PHASE_STRIP = NO;
				DEBUG_INFORMATION_FORMAT = "dwarf-with-dsym";
				ENABLE_NS_ASSERTIONS = NO;
				ENABLE_STRICT_OBJC_MSGSEND = YES;
				GCC_C_LANGUAGE_STANDARD = gnu99;
				GCC_NO_COMMON_BLOCKS = YES;
				GCC_WARN_64_TO_32_BIT_CONVERSION = YES;
				GCC_WARN_ABOUT_RETURN_TYPE = YES_ERROR;
				GCC_WARN_UNDECLARED_SELECTOR = YES;
				GCC_WARN_UNINITIALIZED_AUTOS = YES_AGGRESSIVE;
				GCC_WARN_UNUSED_FUNCTION = YES;
				GCC_WARN_UNUSED_VARIABLE = YES;
				IPHONEOS_DEPLOYMENT_TARGET = 9.2;
				MTL_ENABLE_DEBUG_INFO = NO;
				SDKROOT = iphoneos;
				VALIDATE_PRODUCT = YES;
			};
			name = Release;
		};
		D30E529D1CAD2AE900975328 /* Debug */ = {
			isa = XCBuildConfiguration;
			buildSettings = {
				ASSETCATALOG_COMPILER_APPICON_NAME = AppIcon;
				INFOPLIST_FILE = ActionsPropertyAnimateDemo/Info.plist;
				LD_RUNPATH_SEARCH_PATHS = "$(inherited) @executable_path/Frameworks";
				PRODUCT_BUNDLE_IDENTIFIER = com.tcer.ActionsPropertyAnimateDemo;
				PRODUCT_NAME = "$(TARGET_NAME)";
			};
			name = Debug;
		};
		D30E529E1CAD2AE900975328 /* Release */ = {
			isa = XCBuildConfiguration;
			buildSettings = {
				ASSETCATALOG_COMPILER_APPICON_NAME = AppIcon;
				INFOPLIST_FILE = ActionsPropertyAnimateDemo/Info.plist;
				LD_RUNPATH_SEARCH_PATHS = "$(inherited) @executable_path/Frameworks";
				PRODUCT_BUNDLE_IDENTIFIER = com.tcer.ActionsPropertyAnimateDemo;
				PRODUCT_NAME = "$(TARGET_NAME)";
			};
			name = Release;
		};
/* End XCBuildConfiguration section */

/* Begin XCConfigurationList section */
		D30E52801CAD2AE900975328 /* Build configuration list for PBXProject "ActionsPropertyAnimateDemo" */ = {
			isa = XCConfigurationList;
			buildConfigurations = (
				D30E529A1CAD2AE900975328 /* Debug */,
				D30E529B1CAD2AE900975328 /* Release */,
			);
			defaultConfigurationIsVisible = 0;
			defaultConfigurationName = Release;
		};
		D30E529C1CAD2AE900975328 /* Build configuration list for PBXNativeTarget "ActionsPropertyAnimateDemo" */ = {
			isa = XCConfigurationList;
			buildConfigurations = (
				D30E529D1CAD2AE900975328 /* Debug */,
				D30E529E1CAD2AE900975328 /* Release */,
			);
			defaultConfigurationIsVisible = 0;
		};
/* End XCConfigurationList section */
	};
	rootObject = D30E527D1CAD2AE900975328 /* Project object */;
}
