// !$*UTF8*$!
{
	archiveVersion = 1;
	classes = {
	};
	objectVersion = 46;
	objects = {

/* Begin PBXBuildFile section */
		D3AEEF8B1CC48BF300E2CAF3 /* main.m in Sources */ = {isa = PBXBuildFile; fileRef = D3AEEF8A1CC48BF300E2CAF3 /* main.m */; };
		D3AEEF8E1CC48BF300E2CAF3 /* AppDelegate.m in Sources */ = {isa = PBXBuildFile; fileRef = D3AEEF8D1CC48BF300E2CAF3 /* AppDelegate.m */; };
		D3AEEF911CC48BF300E2CAF3 /* ViewController.m in Sources */ = {isa = PBXBuildFile; fileRef = D3AEEF901CC48BF300E2CAF3 /* ViewController.m */; };
		D3AEEF941CC48BF300E2CAF3 /* Main.storyboard in Resources */ = {isa = PBXBuildFile; fileRef = D3AEEF921CC48BF300E2CAF3 /* Main.storyboard */; };
		D3AEEF961CC48BF300E2CAF3 /* Assets.xcassets in Resources */ = {isa = PBXBuildFile; fileRef = D3AEEF951CC48BF300E2CAF3 /* Assets.xcassets */; };
		D3AEEF991CC48BF300E2CAF3 /* LaunchScreen.storyboard in Resources */ = {isa = PBXBuildFile; fileRef = D3AEEF971CC48BF300E2CAF3 /* LaunchScreen.storyboard */; };
/* End PBXBuildFile section */

/* Begin PBXFileReference section */
		D3AEEF861CC48BF300E2CAF3 /* ElasticBallDemo.app */ = {isa = PBXFileReference; explicitFileType = wrapper.application; includeInIndex = 0; path = ElasticBallDemo.app; sourceTree = BUILT_PRODUCTS_DIR; };
		D3AEEF8A1CC48BF300E2CAF3 /* main.m */ = {isa = PBXFileReference; lastKnownFileType = sourcecode.c.objc; path = main.m; sourceTree = "<group>"; };
		D3AEEF8C1CC48BF300E2CAF3 /* AppDelegate.h */ = {isa = PBXFileReference; lastKnownFileType = sourcecode.c.h; path = AppDelegate.h; sourceTree = "<group>"; };
		D3AEEF8D1CC48BF300E2CAF3 /* AppDelegate.m */ = {isa = PBXFileReference; lastKnownFileType = sourcecode.c.objc; path = AppDelegate.m; sourceTree = "<group>"; };
		D3AEEF8F1CC48BF300E2CAF3 /* ViewController.h */ = {isa = PBXFileReference; lastKnownFileType = sourcecode.c.h; path = ViewController.h; sourceTree = "<group>"; };
		D3AEEF901CC48BF300E2CAF3 /* ViewController.m */ = {isa = PBXFileReference; lastKnownFileType = sourcecode.c.objc; path = ViewController.m; sourceTree = "<group>"; };
		D3AEEF931CC48BF300E2CAF3 /* Base */ = {isa = PBXFileReference; lastKnownFileType = file.storyboard; name = Base; path = Base.lproj/Main.storyboard; sourceTree = "<group>"; };
		D3AEEF951CC48BF300E2CAF3 /* Assets.xcassets */ = {isa = PBXFileReference; lastKnownFileType = folder.assetcatalog; path = Assets.xcassets; sourceTree = "<group>"; };
		D3AEEF981CC48BF300E2CAF3 /* Base */ = {isa = PBXFileReference; lastKnownFileType = file.storyboard; name = Base; path = Base.lproj/LaunchScreen.storyboard; sourceTree = "<group>"; };
		D3AEEF9A1CC48BF300E2CAF3 /* Info.plist */ = {isa = PBXFileReference; lastKnownFileType = text.plist.xml; path = Info.plist; sourceTree = "<group>"; };
/* End PBXFileReference section */

/* Begin PBXFrameworksBuildPhase section */
		D3AEEF831CC48BF300E2CAF3 /* Frameworks */ = {
			isa = PBXFrameworksBuildPhase;
			buildActionMask = 2147483647;
			files = (
			);
			runOnlyForDeploymentPostprocessing = 0;
		};
/* End PBXFrameworksBuildPhase section */

/* Begin PBXGroup section */
		D3AEEF7D1CC48BF300E2CAF3 = {
			isa = PBXGroup;
			children = (
				D3AEEF881CC48BF300E2CAF3 /* ElasticBallDemo */,
				D3AEEF871CC48BF300E2CAF3 /* Products */,
			);
			sourceTree = "<group>";
		};
		D3AEEF871CC48BF300E2CAF3 /* Products */ = {
			isa = PBXGroup;
			children = (
				D3AEEF861CC48BF300E2CAF3 /* ElasticBallDemo.app */,
			);
			name = Products;
			sourceTree = "<group>";
		};
		D3AEEF881CC48BF300E2CAF3 /* ElasticBallDemo */ = {
			isa = PBXGroup;
			children = (
				D3AEEF8C1CC48BF300E2CAF3 /* AppDelegate.h */,
				D3AEEF8D1CC48BF300E2CAF3 /* AppDelegate.m */,
				D3AEEF8F1CC48BF300E2CAF3 /* ViewController.h */,
				D3AEEF901CC48BF300E2CAF3 /* ViewController.m */,
				D3AEEF921CC48BF300E2CAF3 /* Main.storyboard */,
				D3AEEF951CC48BF300E2CAF3 /* Assets.xcassets */,
				D3AEEF971CC48BF300E2CAF3 /* LaunchScreen.storyboard */,
				D3AEEF9A1CC48BF300E2CAF3 /* Info.plist */,
				D3AEEF891CC48BF300E2CAF3 /* Supporting Files */,
			);
			path = ElasticBallDemo;
			sourceTree = "<group>";
		};
		D3AEEF891CC48BF300E2CAF3 /* Supporting Files */ = {
			isa = PBXGroup;
			children = (
				D3AEEF8A1CC48BF300E2CAF3 /* main.m */,
			);
			name = "Supporting Files";
			sourceTree = "<group>";
		};
/* End PBXGroup section */

/* Begin PBXNativeTarget section */
		D3AEEF851CC48BF300E2CAF3 /* ElasticBallDemo */ = {
			isa = PBXNativeTarget;
			buildConfigurationList = D3AEEF9D1CC48BF300E2CAF3 /* Build configuration list for PBXNativeTarget "ElasticBallDemo" */;
			buildPhases = (
				D3AEEF821CC48BF300E2CAF3 /* Sources */,
				D3AEEF831CC48BF300E2CAF3 /* Frameworks */,
				D3AEEF841CC48BF300E2CAF3 /* Resources */,
			);
			buildRules = (
			);
			dependencies = (
			);
			name = ElasticBallDemo;
			productName = ElasticBallDemo;
			productReference = D3AEEF861CC48BF300E2CAF3 /* ElasticBallDemo.app */;
			productType = "com.apple.product-type.application";
		};
/* End PBXNativeTarget section */

/* Begin PBXProject section */
		D3AEEF7E1CC48BF300E2CAF3 /* Project object */ = {
			isa = PBXProject;
			attributes = {
				LastUpgradeCheck = 0720;
				ORGANIZATIONNAME = xidanjueying;
				TargetAttributes = {
					D3AEEF851CC48BF300E2CAF3 = {
						CreatedOnToolsVersion = 7.2.1;
					};
				};
			};
			buildConfigurationList = D3AEEF811CC48BF300E2CAF3 /* Build configuration list for PBXProject "ElasticBallDemo" */;
			compatibilityVersion = "Xcode 3.2";
			developmentRegion = English;
			hasScannedForEncodings = 0;
			knownRegions = (
				en,
				Base,
			);
			mainGroup = D3AEEF7D1CC48BF300E2CAF3;
			productRefGroup = D3AEEF871CC48BF300E2CAF3 /* Products */;
			projectDirPath = "";
			projectRoot = "";
			targets = (
				D3AEEF851CC48BF300E2CAF3 /* ElasticBallDemo */,
			);
		};
/* End PBXProject section */

/* Begin PBXResourcesBuildPhase section */
		D3AEEF841CC48BF300E2CAF3 /* Resources */ = {
			isa = PBXResourcesBuildPhase;
			buildActionMask = 2147483647;
			files = (
				D3AEEF991CC48BF300E2CAF3 /* LaunchScreen.storyboard in Resources */,
				D3AEEF961CC48BF300E2CAF3 /* Assets.xcassets in Resources */,
				D3AEEF941CC48BF300E2CAF3 /* Main.storyboard in Resources */,
			);
			runOnlyForDeploymentPostprocessing = 0;
		};
/* End PBXResourcesBuildPhase section */

/* Begin PBXSourcesBuildPhase section */
		D3AEEF821CC48BF300E2CAF3 /* Sources */ = {
			isa = PBXSourcesBuildPhase;
			buildActionMask = 2147483647;
			files = (
				D3AEEF911CC48BF300E2CAF3 /* ViewController.m in Sources */,
				D3AEEF8E1CC48BF300E2CAF3 /* AppDelegate.m in Sources */,
				D3AEEF8B1CC48BF300E2CAF3 /* main.m in Sources */,
			);
			runOnlyForDeploymentPostprocessing = 0;
		};
/* End PBXSourcesBuildPhase section */

/* Begin PBXVariantGroup section */
		D3AEEF921CC48BF300E2CAF3 /* Main.storyboard */ = {
			isa = PBXVariantGroup;
			children = (
				D3AEEF931CC48BF300E2CAF3 /* Base */,
			);
			name = Main.storyboard;
			sourceTree = "<group>";
		};
		D3AEEF971CC48BF300E2CAF3 /* LaunchScreen.storyboard */ = {
			isa = PBXVariantGroup;
			children = (
				D3AEEF981CC48BF300E2CAF3 /* Base */,
			);
			name = LaunchScreen.storyboard;
			sourceTree = "<group>";
		};
/* End PBXVariantGroup section */

/* Begin XCBuildConfiguration section */
		D3AEEF9B1CC48BF300E2CAF3 /* Debug */ = {
			isa = XCBuildConfiguration;
			buildSettings = {
				ALWAYS_SEARCH_USER_PATHS = NO;
				CLANG_CXX_LANGUAGE_STANDARD = "gnu++0x";
				CLANG_CXX_LIBRARY = "libc++";
				CLANG_ENABLE_MODULES = YES;
				CLANG_ENABLE_OBJC_ARC = YES;
				CLANG_WARN_BOOL_CONVERSION = YES;
				CLANG_WARN_CONSTANT_CONVERSION = YES;
				CLANG_WARN_DIRECT_OBJC_ISA_USAGE = YES_ERROR;
				CLANG_WARN_EMPTY_BODY = YES;
				CLANG_WARN_ENUM_CONVERSION = YES;
				CLANG_WARN_INT_CONVERSION = YES;
				CLANG_WARN_OBJC_ROOT_CLASS = YES_ERROR;
				CLANG_WARN_UNREACHABLE_CODE = YES;
				CLANG_WARN__DUPLICATE_METHOD_MATCH = YES;
				"CODE_SIGN_IDENTITY[sdk=iphoneos*]" = "iPhone Developer";
				COPY_PHASE_STRIP = NO;
				DEBUG_INFORMATION_FORMAT = dwarf;
				ENABLE_STRICT_OBJC_MSGSEND = YES;
				ENABLE_TESTABILITY = YES;
				GCC_C_LANGUAGE_STANDARD = gnu99;
				GCC_DYNAMIC_NO_PIC = NO;
				GCC_NO_COMMON_BLOCKS = YES;
				GCC_OPTIMIZATION_LEVEL = 0;
				GCC_PREPROCESSOR_DEFINITIONS = (
					"DEBUG=1",
					"$(inherited)",
				);
				GCC_WARN_64_TO_32_BIT_CONVERSION = YES;
				GCC_WARN_ABOUT_RETURN_TYPE = YES_ERROR;
				GCC_WARN_UNDECLARED_SELECTOR = YES;
				GCC_WARN_UNINITIALIZED_AUTOS = YES_AGGRESSIVE;
				GCC_WARN_UNUSED_FUNCTION = YES;
				GCC_WARN_UNUSED_VARIABLE = YES;
				IPHONEOS_DEPLOYMENT_TARGET = 9.2;
				MTL_ENABLE_DEBUG_INFO = YES;
				ONLY_ACTIVE_ARCH = YES;
				SDKROOT = iphoneos;
			};
			name = Debug;
		};
		D3AEEF9C1CC48BF300E2CAF3 /* Release */ = {
			isa = XCBuildConfiguration;
			buildSettings = {
				ALWAYS_SEARCH_USER_PATHS = NO;
				CLANG_CXX_LANGUAGE_STANDARD = "gnu++0x";
				CLANG_CXX_LIBRARY = "libc++";
				CLANG_ENABLE_MODULES = YES;
				CLANG_ENABLE_OBJC_ARC = YES;
				CLANG_WARN_BOOL_CONVERSION = YES;
				CLANG_WARN_CONSTANT_CONVERSION = YES;
				CLANG_WARN_DIRECT_OBJC_ISA_USAGE = YES_ERROR;
				CLANG_WARN_EMPTY_BODY = YES;
				CLANG_WARN_ENUM_CONVERSION = YES;
				CLANG_WARN_INT_CONVERSION = YES;
				CLANG_WARN_OBJC_ROOT_CLASS = YES_ERROR;
				CLANG_WARN_UNREACHABLE_CODE = YES;
				CLANG_WARN__DUPLICATE_METHOD_MATCH = YES;
				"CODE_SIGN_IDENTITY[sdk=iphoneos*]" = "iPhone Developer";
				COPY_PHASE_STRIP = NO;
				DEBUG_INFORMATION_FORMAT = "dwarf-with-dsym";
				ENABLE_NS_ASSERTIONS = NO;
				ENABLE_STRICT_OBJC_MSGSEND = YES;
				GCC_C_LANGUAGE_STANDARD = gnu99;
				GCC_NO_COMMON_BLOCKS = YES;
				GCC_WARN_64_TO_32_BIT_CONVERSION = YES;
				GCC_WARN_ABOUT_RETURN_TYPE = YES_ERROR;
				GCC_WARN_UNDECLARED_SELECTOR = YES;
				GCC_WARN_UNINITIALIZED_AUTOS = YES_AGGRESSIVE;
				GCC_WARN_UNUSED_FUNCTION = YES;
				GCC_WARN_UNUSED_VARIABLE = YES;
				IPHONEOS_DEPLOYMENT_TARGET = 9.2;
				MTL_ENABLE_DEBUG_INFO = NO;
				SDKROOT = iphoneos;
				VALIDATE_PRODUCT = YES;
			};
			name = Release;
		};
		D3AEEF9E1CC48BF300E2CAF3 /* Debug */ = {
			isa = XCBuildConfiguration;
			buildSettings = {
				ASSETCATALOG_COMPILER_APPICON_NAME = AppIcon;
				INFOPLIST_FILE = ElasticBallDemo/Info.plist;
				LD_RUNPATH_SEARCH_PATHS = "$(inherited) @executable_path/Frameworks";
				PRODUCT_BUNDLE_IDENTIFIER = com.tcer.ElasticBallDemo;
				PRODUCT_NAME = "$(TARGET_NAME)";
			};
			name = Debug;
		};
		D3AEEF9F1CC48BF300E2CAF3 /* Release */ = {
			isa = XCBuildConfiguration;
			buildSettings = {
				ASSETCATALOG_COMPILER_APPICON_NAME = AppIcon;
				INFOPLIST_FILE = ElasticBallDemo/Info.plist;
				LD_RUNPATH_SEARCH_PATHS = "$(inherited) @executable_path/Frameworks";
				PRODUCT_BUNDLE_IDENTIFIER = com.tcer.ElasticBallDemo;
				PRODUCT_NAME = "$(TARGET_NAME)";
			};
			name = Release;
		};
/* End XCBuildConfiguration section */

/* Begin XCConfigurationList section */
		D3AEEF811CC48BF300E2CAF3 /* Build configuration list for PBXProject "ElasticBallDemo" */ = {
			isa = XCConfigurationList;
			buildConfigurations = (
				D3AEEF9B1CC48BF300E2CAF3 /* Debug */,
				D3AEEF9C1CC48BF300E2CAF3 /* Release */,
			);
			defaultConfigurationIsVisible = 0;
			defaultConfigurationName = Release;
		};
		D3AEEF9D1CC48BF300E2CAF3 /* Build configuration list for PBXNativeTarget "ElasticBallDemo" */ = {
			isa = XCConfigurationList;
			buildConfigurations = (
				D3AEEF9E1CC48BF300E2CAF3 /* Debug */,
				D3AEEF9F1CC48BF300E2CAF3 /* Release */,
			);
			defaultConfigurationIsVisible = 0;
		};
/* End XCConfigurationList section */
	};
	rootObject = D3AEEF7E1CC48BF300E2CAF3 /* Project object */;
}
